<?xml version="1.0" encoding="utf-8"?>
<Project ToolsVersion="4.0" xmlns="http://schemas.microsoft.com/developer/msbuild/2003">
  <ItemGroup>
    <Filter Include="Source Files">
      <UniqueIdentifier>{5D3268AE-CD76-4724-8575-CE1FAB5B0F1B}</UniqueIdentifier>
    </Filter>
    <Filter Include="Headers">
      <UniqueIdentifier>{3EA52376-D0DA-4C53-B55F-C0D821C80D81}</UniqueIdentifier>
    </Filter>
  </ItemGroup>
  <ItemGroup>
    <None Include="AnnotationData">
      <Filter>Headers</Filter>
    </None>
    <None Include="AnnotationEditing">
      <Filter>Headers</Filter>
    </None>
    <None Include="AnnotationNode">
      <Filter>Headers</Filter>
    </None>
    <None Include="AnnotationRegistry">
      <Filter>Headers</Filter>
    </None>
    <None Include="AnnotationSettings">
      <Filter>Headers</Filter>
    </None>
    <None Include="AnnotationUtils">
      <Filter>Headers</Filter>
    </None>
    <None Include="CircleNode">
      <Filter>Headers</Filter>
    </None>
    <None Include="Common">
      <Filter>Headers</Filter>
    </None>
    <None Include="Decoration">
      <Filter>Headers</Filter>
    </None>
    <None Include="EllipseNode">
      <Filter>Headers</Filter>
    </None>
    <None Include="Export">
      <Filter>Headers</Filter>
    </None>
    <None Include="FeatureEditing">
      <Filter>Headers</Filter>
    </None>
    <None Include="FeatureNode">
      <Filter>Headers</Filter>
    </None>
    <None Include="HighlightDecoration">
      <Filter>Headers</Filter>
    </None>
    <None Include="ImageOverlay">
      <Filter>Headers</Filter>
    </None>
    <None Include="ImageOverlayEditor">
      <Filter>Headers</Filter>
    </None>
    <None Include="LabelNode">
      <Filter>Headers</Filter>
    </None>
    <None Include="LocalGeometryNode">
      <Filter>Headers</Filter>
    </None>
    <None Include="LocalizedNode">
      <Filter>Headers</Filter>
    </None>
    <None Include="ModelNode">
      <Filter>Headers</Filter>
    </None>
    <None Include="OrthoNode">
      <Filter>Headers</Filter>
    </None>
    <None Include="PlaceNode">
      <Filter>Headers</Filter>
    </None>
    <None Include="RectangleNode">
      <Filter>Headers</Filter>
    </None>
    <None Include="ScaleDecoration">
      <Filter>Headers</Filter>
    </None>
    <None Include="TrackNode">
      <Filter>Headers</Filter>
    </None>
  </ItemGroup>
  <ItemGroup>
    <ClCompile Include="AnnotationData.cpp">
      <Filter>Source Files</Filter>
    </ClCompile>
    <ClCompile Include="AnnotationEditing.cpp">
      <Filter>Source Files</Filter>
    </ClCompile>
    <ClCompile Include="AnnotationNode.cpp">
      <Filter>Source Files</Filter>
    </ClCompile>
    <ClCompile Include="AnnotationRegistry.cpp">
      <Filter>Source Files</Filter>
    </ClCompile>
    <ClCompile Include="AnnotationSettings.cpp">
      <Filter>Source Files</Filter>
    </ClCompile>
    <ClCompile Include="AnnotationUtils.cpp">
      <Filter>Source Files</Filter>
    </ClCompile>
    <ClCompile Include="CircleNode.cpp">
      <Filter>Source Files</Filter>
    </ClCompile>
    <ClCompile Include="Decoration.cpp">
      <Filter>Source Files</Filter>
    </ClCompile>
    <ClCompile Include="EllipseNode.cpp">
      <Filter>Source Files</Filter>
    </ClCompile>
    <ClCompile Include="FeatureEditing.cpp">
      <Filter>Source Files</Filter>
    </ClCompile>
    <ClCompile Include="FeatureNode.cpp">
      <Filter>Source Files</Filter>
    </ClCompile>
    <ClCompile Include="HighlightDecoration.cpp">
      <Filter>Source Files</Filter>
    </ClCompile>
    <ClCompile Include="ImageOverlay.cpp">
      <Filter>Source Files</Filter>
    </ClCompile>
    <ClCompile Include="ImageOverlayEditor.cpp">
      <Filter>Source Files</Filter>
    </ClCompile>
    <ClCompile Include="LabelNode.cpp">
      <Filter>Source Files</Filter>
    </ClCompile>
    <ClCompile Include="LocalGeometryNode.cpp">
      <Filter>Source Files</Filter>
    </ClCompile>
    <ClCompile Include="LocalizedNode.cpp">
      <Filter>Source Files</Filter>
    </ClCompile>
    <ClCompile Include="ModelNode.cpp">
      <Filter>Source Files</Filter>
    </ClCompile>
    <ClCompile Include="OrthoNode.cpp">
      <Filter>Source Files</Filter>
    </ClCompile>
    <ClCompile Include="PlaceNode.cpp">
      <Filter>Source Files</Filter>
    </ClCompile>
    <ClCompile Include="RectangleNode.cpp">
      <Filter>Source Files</Filter>
    </ClCompile>
    <ClCompile Include="TrackNode.cpp">
      <Filter>Source Files</Filter>
    </ClCompile>
  </ItemGroup>
</Project>