
Microsoft Visual Studio Solution File, Format Version 11.00
# Visual Studio 2010
Project("{8BC9CEB8-8B4A-11D0-8D11-00A0C91BC942}") = "EAViewTest", "EAViewTest\EAView.vcxproj", "{48E45180-69EE-41BE-8857-67D9909B4B47}"
EndProject
Project("{FAE04EC0-301F-11D3-BF4B-00C04F79EFBC}") = "EAViewTestCSharp", "EAViewTestCSharp\EAViewTestCSharp.csproj", "{0C5150F3-F5C1-4409-8130-F4A58DD87C2E}"
EndProject
Project("{8BC9CEB8-8B4A-11D0-8D11-00A0C91BC942}") = "EAViewEngine", "EAViewEngine\EAViewEngine.vcxproj", "{8A488B83-45C6-4282-AED4-09D5B2A2221D}"
EndProject
Project("{2150E333-8FDC-42A3-9474-1A3956D46DE8}") = "EAViewCore", "EAViewCore", "{E87EC4EE-E9C9-4957-8CC8-5BD749BFAC3E}"
EndProject
Project("{8BC9CEB8-8B4A-11D0-8D11-00A0C91BC942}") = "osgEarth", "EAViewCore\osgEarth\osgEarth.vcxproj", "{59196A46-6B3D-40A9-879D-B35E00081388}"
EndProject
Project("{8BC9CEB8-8B4A-11D0-8D11-00A0C91BC942}") = "osgEarthAnnotation", "EAViewCore\osgEarthAnnotation\osgEarthAnnotation.vcxproj", "{2AE01687-AB19-4683-B01B-F4558A2FDBCA}"
EndProject
Project("{8BC9CEB8-8B4A-11D0-8D11-00A0C91BC942}") = "osgEarthFeatures", "EAViewCore\osgEarthFeatures\osgEarthFeatures.vcxproj", "{077BE9F7-88BF-4C25-8061-81B337BCB277}"
EndProject
Project("{8BC9CEB8-8B4A-11D0-8D11-00A0C91BC942}") = "osgEarthSymbology", "EAViewCore\osgEarthSymbology\osgEarthSymbology.vcxproj", "{D221619E-6BA8-4C7C-BF46-781F17CE7A7F}"
EndProject
Project("{8BC9CEB8-8B4A-11D0-8D11-00A0C91BC942}") = "osgEarthUtil", "EAViewCore\osgEarthUtil\osgEarthUtil.vcxproj", "{B5338409-74A1-4F71-955C-2C27E0D5CA1C}"
EndProject
Project("{2150E333-8FDC-42A3-9474-1A3956D46DE8}") = "EAViewDrivers", "EAViewDrivers", "{81FD53FC-39BA-4AC6-8035-84DA8B4EA042}"
EndProject
Project("{8BC9CEB8-8B4A-11D0-8D11-00A0C91BC942}") = "Plugin osgearth_cache_filesystem", "EAViewCore\osgEarthDrivers\cache_filesystem\osgdb_osgearth_cache_filesystem.vcxproj", "{A9DDB811-0018-4F17-BFFD-A86313B2E475}"
EndProject
Global
	GlobalSection(SolutionConfigurationPlatforms) = preSolution
		Debug|Mixed Platforms = Debug|Mixed Platforms
		Debug|Win32 = Debug|Win32
		Debug|x64 = Debug|x64
		Debug|x86 = Debug|x86
		MinSizeRel|Mixed Platforms = MinSizeRel|Mixed Platforms
		MinSizeRel|Win32 = MinSizeRel|Win32
		MinSizeRel|x64 = MinSizeRel|x64
		MinSizeRel|x86 = MinSizeRel|x86
		Release|Mixed Platforms = Release|Mixed Platforms
		Release|Win32 = Release|Win32
		Release|x64 = Release|x64
		Release|x86 = Release|x86
		RelWithDebInfo|Mixed Platforms = RelWithDebInfo|Mixed Platforms
		RelWithDebInfo|Win32 = RelWithDebInfo|Win32
		RelWithDebInfo|x64 = RelWithDebInfo|x64
		RelWithDebInfo|x86 = RelWithDebInfo|x86
	EndGlobalSection
	GlobalSection(ProjectConfigurationPlatforms) = postSolution
		{48E45180-69EE-41BE-8857-67D9909B4B47}.Debug|Mixed Platforms.ActiveCfg = Debug|Win32
		{48E45180-69EE-41BE-8857-67D9909B4B47}.Debug|Mixed Platforms.Build.0 = Debug|Win32
		{48E45180-69EE-41BE-8857-67D9909B4B47}.Debug|Win32.ActiveCfg = Debug|Win32
		{48E45180-69EE-41BE-8857-67D9909B4B47}.Debug|Win32.Build.0 = Debug|Win32
		{48E45180-69EE-41BE-8857-67D9909B4B47}.Debug|x64.ActiveCfg = Debug|x64
		{48E45180-69EE-41BE-8857-67D9909B4B47}.Debug|x64.Build.0 = Debug|x64
		{48E45180-69EE-41BE-8857-67D9909B4B47}.Debug|x86.ActiveCfg = Debug|Win32
		{48E45180-69EE-41BE-8857-67D9909B4B47}.Debug|x86.Build.0 = Debug|Win32
		{48E45180-69EE-41BE-8857-67D9909B4B47}.MinSizeRel|Mixed Platforms.ActiveCfg = Release|x64
		{48E45180-69EE-41BE-8857-67D9909B4B47}.MinSizeRel|Mixed Platforms.Build.0 = Release|x64
		{48E45180-69EE-41BE-8857-67D9909B4B47}.MinSizeRel|Win32.ActiveCfg = Release|x64
		{48E45180-69EE-41BE-8857-67D9909B4B47}.MinSizeRel|x64.ActiveCfg = Release|x64
		{48E45180-69EE-41BE-8857-67D9909B4B47}.MinSizeRel|x64.Build.0 = Release|x64
		{48E45180-69EE-41BE-8857-67D9909B4B47}.MinSizeRel|x86.ActiveCfg = Release|x64
		{48E45180-69EE-41BE-8857-67D9909B4B47}.Release|Mixed Platforms.ActiveCfg = Release|Win32
		{48E45180-69EE-41BE-8857-67D9909B4B47}.Release|Mixed Platforms.Build.0 = Release|Win32
		{48E45180-69EE-41BE-8857-67D9909B4B47}.Release|Win32.ActiveCfg = Release|Win32
		{48E45180-69EE-41BE-8857-67D9909B4B47}.Release|Win32.Build.0 = Release|Win32
		{48E45180-69EE-41BE-8857-67D9909B4B47}.Release|x64.ActiveCfg = Release|x64
		{48E45180-69EE-41BE-8857-67D9909B4B47}.Release|x64.Build.0 = Release|x64
		{48E45180-69EE-41BE-8857-67D9909B4B47}.Release|x86.ActiveCfg = Release|Win32
		{48E45180-69EE-41BE-8857-67D9909B4B47}.RelWithDebInfo|Mixed Platforms.ActiveCfg = Release|x64
		{48E45180-69EE-41BE-8857-67D9909B4B47}.RelWithDebInfo|Mixed Platforms.Build.0 = Release|x64
		{48E45180-69EE-41BE-8857-67D9909B4B47}.RelWithDebInfo|Win32.ActiveCfg = Release|x64
		{48E45180-69EE-41BE-8857-67D9909B4B47}.RelWithDebInfo|x64.ActiveCfg = Release|x64
		{48E45180-69EE-41BE-8857-67D9909B4B47}.RelWithDebInfo|x64.Build.0 = Release|x64
		{48E45180-69EE-41BE-8857-67D9909B4B47}.RelWithDebInfo|x86.ActiveCfg = Release|x64
		{0C5150F3-F5C1-4409-8130-F4A58DD87C2E}.Debug|Mixed Platforms.ActiveCfg = Debug|x86
		{0C5150F3-F5C1-4409-8130-F4A58DD87C2E}.Debug|Mixed Platforms.Build.0 = Debug|x86
		{0C5150F3-F5C1-4409-8130-F4A58DD87C2E}.Debug|Win32.ActiveCfg = Debug|x86
		{0C5150F3-F5C1-4409-8130-F4A58DD87C2E}.Debug|x64.ActiveCfg = Debug|x64
		{0C5150F3-F5C1-4409-8130-F4A58DD87C2E}.Debug|x64.Build.0 = Debug|x64
		{0C5150F3-F5C1-4409-8130-F4A58DD87C2E}.Debug|x86.ActiveCfg = Debug|x86
		{0C5150F3-F5C1-4409-8130-F4A58DD87C2E}.Debug|x86.Build.0 = Debug|x86
		{0C5150F3-F5C1-4409-8130-F4A58DD87C2E}.MinSizeRel|Mixed Platforms.ActiveCfg = Release|x64
		{0C5150F3-F5C1-4409-8130-F4A58DD87C2E}.MinSizeRel|Mixed Platforms.Build.0 = Release|x64
		{0C5150F3-F5C1-4409-8130-F4A58DD87C2E}.MinSizeRel|Win32.ActiveCfg = Release|x64
		{0C5150F3-F5C1-4409-8130-F4A58DD87C2E}.MinSizeRel|x64.ActiveCfg = Release|x64
		{0C5150F3-F5C1-4409-8130-F4A58DD87C2E}.MinSizeRel|x64.Build.0 = Release|x64
		{0C5150F3-F5C1-4409-8130-F4A58DD87C2E}.MinSizeRel|x86.ActiveCfg = Release|x64
		{0C5150F3-F5C1-4409-8130-F4A58DD87C2E}.Release|Mixed Platforms.ActiveCfg = Release|x86
		{0C5150F3-F5C1-4409-8130-F4A58DD87C2E}.Release|Mixed Platforms.Build.0 = Release|x86
		{0C5150F3-F5C1-4409-8130-F4A58DD87C2E}.Release|Win32.ActiveCfg = Release|x86
		{0C5150F3-F5C1-4409-8130-F4A58DD87C2E}.Release|x64.ActiveCfg = Release|x64
		{0C5150F3-F5C1-4409-8130-F4A58DD87C2E}.Release|x64.Build.0 = Release|x64
		{0C5150F3-F5C1-4409-8130-F4A58DD87C2E}.Release|x86.ActiveCfg = Release|x86
		{0C5150F3-F5C1-4409-8130-F4A58DD87C2E}.Release|x86.Build.0 = Release|x86
		{0C5150F3-F5C1-4409-8130-F4A58DD87C2E}.RelWithDebInfo|Mixed Platforms.ActiveCfg = Release|x64
		{0C5150F3-F5C1-4409-8130-F4A58DD87C2E}.RelWithDebInfo|Mixed Platforms.Build.0 = Release|x64
		{0C5150F3-F5C1-4409-8130-F4A58DD87C2E}.RelWithDebInfo|Win32.ActiveCfg = Release|x64
		{0C5150F3-F5C1-4409-8130-F4A58DD87C2E}.RelWithDebInfo|x64.ActiveCfg = Release|x64
		{0C5150F3-F5C1-4409-8130-F4A58DD87C2E}.RelWithDebInfo|x64.Build.0 = Release|x64
		{0C5150F3-F5C1-4409-8130-F4A58DD87C2E}.RelWithDebInfo|x86.ActiveCfg = Release|x64
		{8A488B83-45C6-4282-AED4-09D5B2A2221D}.Debug|Mixed Platforms.ActiveCfg = Debug|Win32
		{8A488B83-45C6-4282-AED4-09D5B2A2221D}.Debug|Mixed Platforms.Build.0 = Debug|Win32
		{8A488B83-45C6-4282-AED4-09D5B2A2221D}.Debug|Win32.ActiveCfg = Debug|Win32
		{8A488B83-45C6-4282-AED4-09D5B2A2221D}.Debug|Win32.Build.0 = Debug|Win32
		{8A488B83-45C6-4282-AED4-09D5B2A2221D}.Debug|x64.ActiveCfg = Debug|x64
		{8A488B83-45C6-4282-AED4-09D5B2A2221D}.Debug|x64.Build.0 = Debug|x64
		{8A488B83-45C6-4282-AED4-09D5B2A2221D}.Debug|x86.ActiveCfg = Debug|Win32
		{8A488B83-45C6-4282-AED4-09D5B2A2221D}.Debug|x86.Build.0 = Debug|Win32
		{8A488B83-45C6-4282-AED4-09D5B2A2221D}.MinSizeRel|Mixed Platforms.ActiveCfg = Release|x64
		{8A488B83-45C6-4282-AED4-09D5B2A2221D}.MinSizeRel|Mixed Platforms.Build.0 = Release|x64
		{8A488B83-45C6-4282-AED4-09D5B2A2221D}.MinSizeRel|Win32.ActiveCfg = Release|x64
		{8A488B83-45C6-4282-AED4-09D5B2A2221D}.MinSizeRel|x64.ActiveCfg = Release|x64
		{8A488B83-45C6-4282-AED4-09D5B2A2221D}.MinSizeRel|x64.Build.0 = Release|x64
		{8A488B83-45C6-4282-AED4-09D5B2A2221D}.MinSizeRel|x86.ActiveCfg = Release|x64
		{8A488B83-45C6-4282-AED4-09D5B2A2221D}.Release|Mixed Platforms.ActiveCfg = Release|Win32
		{8A488B83-45C6-4282-AED4-09D5B2A2221D}.Release|Mixed Platforms.Build.0 = Release|Win32
		{8A488B83-45C6-4282-AED4-09D5B2A2221D}.Release|Win32.ActiveCfg = Release|Win32
		{8A488B83-45C6-4282-AED4-09D5B2A2221D}.Release|Win32.Build.0 = Release|Win32
		{8A488B83-45C6-4282-AED4-09D5B2A2221D}.Release|x64.ActiveCfg = Release|x64
		{8A488B83-45C6-4282-AED4-09D5B2A2221D}.Release|x64.Build.0 = Release|x64
		{8A488B83-45C6-4282-AED4-09D5B2A2221D}.Release|x86.ActiveCfg = Release|Win32
		{8A488B83-45C6-4282-AED4-09D5B2A2221D}.RelWithDebInfo|Mixed Platforms.ActiveCfg = Release|x64
		{8A488B83-45C6-4282-AED4-09D5B2A2221D}.RelWithDebInfo|Mixed Platforms.Build.0 = Release|x64
		{8A488B83-45C6-4282-AED4-09D5B2A2221D}.RelWithDebInfo|Win32.ActiveCfg = Release|x64
		{8A488B83-45C6-4282-AED4-09D5B2A2221D}.RelWithDebInfo|x64.ActiveCfg = Release|x64
		{8A488B83-45C6-4282-AED4-09D5B2A2221D}.RelWithDebInfo|x64.Build.0 = Release|x64
		{8A488B83-45C6-4282-AED4-09D5B2A2221D}.RelWithDebInfo|x86.ActiveCfg = Release|x64
		{59196A46-6B3D-40A9-879D-B35E00081388}.Debug|Mixed Platforms.ActiveCfg = Debug|Win32
		{59196A46-6B3D-40A9-879D-B35E00081388}.Debug|Mixed Platforms.Build.0 = Debug|Win32
		{59196A46-6B3D-40A9-879D-B35E00081388}.Debug|Win32.ActiveCfg = Debug|Win32
		{59196A46-6B3D-40A9-879D-B35E00081388}.Debug|Win32.Build.0 = Debug|Win32
		{59196A46-6B3D-40A9-879D-B35E00081388}.Debug|x64.ActiveCfg = Debug|Win32
		{59196A46-6B3D-40A9-879D-B35E00081388}.Debug|x86.ActiveCfg = Debug|Win32
		{59196A46-6B3D-40A9-879D-B35E00081388}.MinSizeRel|Mixed Platforms.ActiveCfg = MinSizeRel|Win32
		{59196A46-6B3D-40A9-879D-B35E00081388}.MinSizeRel|Mixed Platforms.Build.0 = MinSizeRel|Win32
		{59196A46-6B3D-40A9-879D-B35E00081388}.MinSizeRel|Win32.ActiveCfg = MinSizeRel|Win32
		{59196A46-6B3D-40A9-879D-B35E00081388}.MinSizeRel|Win32.Build.0 = MinSizeRel|Win32
		{59196A46-6B3D-40A9-879D-B35E00081388}.MinSizeRel|x64.ActiveCfg = MinSizeRel|Win32
		{59196A46-6B3D-40A9-879D-B35E00081388}.MinSizeRel|x86.ActiveCfg = MinSizeRel|Win32
		{59196A46-6B3D-40A9-879D-B35E00081388}.Release|Mixed Platforms.ActiveCfg = Release|Win32
		{59196A46-6B3D-40A9-879D-B35E00081388}.Release|Mixed Platforms.Build.0 = Release|Win32
		{59196A46-6B3D-40A9-879D-B35E00081388}.Release|Win32.ActiveCfg = Release|Win32
		{59196A46-6B3D-40A9-879D-B35E00081388}.Release|Win32.Build.0 = Release|Win32
		{59196A46-6B3D-40A9-879D-B35E00081388}.Release|x64.ActiveCfg = Release|Win32
		{59196A46-6B3D-40A9-879D-B35E00081388}.Release|x86.ActiveCfg = Release|Win32
		{59196A46-6B3D-40A9-879D-B35E00081388}.RelWithDebInfo|Mixed Platforms.ActiveCfg = RelWithDebInfo|Win32
		{59196A46-6B3D-40A9-879D-B35E00081388}.RelWithDebInfo|Mixed Platforms.Build.0 = RelWithDebInfo|Win32
		{59196A46-6B3D-40A9-879D-B35E00081388}.RelWithDebInfo|Win32.ActiveCfg = RelWithDebInfo|Win32
		{59196A46-6B3D-40A9-879D-B35E00081388}.RelWithDebInfo|Win32.Build.0 = RelWithDebInfo|Win32
		{59196A46-6B3D-40A9-879D-B35E00081388}.RelWithDebInfo|x64.ActiveCfg = RelWithDebInfo|Win32
		{59196A46-6B3D-40A9-879D-B35E00081388}.RelWithDebInfo|x86.ActiveCfg = RelWithDebInfo|Win32
		{2AE01687-AB19-4683-B01B-F4558A2FDBCA}.Debug|Mixed Platforms.ActiveCfg = Debug|Win32
		{2AE01687-AB19-4683-B01B-F4558A2FDBCA}.Debug|Mixed Platforms.Build.0 = Debug|Win32
		{2AE01687-AB19-4683-B01B-F4558A2FDBCA}.Debug|Win32.ActiveCfg = Debug|Win32
		{2AE01687-AB19-4683-B01B-F4558A2FDBCA}.Debug|Win32.Build.0 = Debug|Win32
		{2AE01687-AB19-4683-B01B-F4558A2FDBCA}.Debug|x64.ActiveCfg = Debug|Win32
		{2AE01687-AB19-4683-B01B-F4558A2FDBCA}.Debug|x86.ActiveCfg = Debug|Win32
		{2AE01687-AB19-4683-B01B-F4558A2FDBCA}.MinSizeRel|Mixed Platforms.ActiveCfg = MinSizeRel|Win32
		{2AE01687-AB19-4683-B01B-F4558A2FDBCA}.MinSizeRel|Mixed Platforms.Build.0 = MinSizeRel|Win32
		{2AE01687-AB19-4683-B01B-F4558A2FDBCA}.MinSizeRel|Win32.ActiveCfg = MinSizeRel|Win32
		{2AE01687-AB19-4683-B01B-F4558A2FDBCA}.MinSizeRel|Win32.Build.0 = MinSizeRel|Win32
		{2AE01687-AB19-4683-B01B-F4558A2FDBCA}.MinSizeRel|x64.ActiveCfg = MinSizeRel|Win32
		{2AE01687-AB19-4683-B01B-F4558A2FDBCA}.MinSizeRel|x86.ActiveCfg = MinSizeRel|Win32
		{2AE01687-AB19-4683-B01B-F4558A2FDBCA}.Release|Mixed Platforms.ActiveCfg = Release|Win32
		{2AE01687-AB19-4683-B01B-F4558A2FDBCA}.Release|Mixed Platforms.Build.0 = Release|Win32
		{2AE01687-AB19-4683-B01B-F4558A2FDBCA}.Release|Win32.ActiveCfg = Release|Win32
		{2AE01687-AB19-4683-B01B-F4558A2FDBCA}.Release|Win32.Build.0 = Release|Win32
		{2AE01687-AB19-4683-B01B-F4558A2FDBCA}.Release|x64.ActiveCfg = Release|Win32
		{2AE01687-AB19-4683-B01B-F4558A2FDBCA}.Release|x86.ActiveCfg = Release|Win32
		{2AE01687-AB19-4683-B01B-F4558A2FDBCA}.RelWithDebInfo|Mixed Platforms.ActiveCfg = RelWithDebInfo|Win32
		{2AE01687-AB19-4683-B01B-F4558A2FDBCA}.RelWithDebInfo|Mixed Platforms.Build.0 = RelWithDebInfo|Win32
		{2AE01687-AB19-4683-B01B-F4558A2FDBCA}.RelWithDebInfo|Win32.ActiveCfg = RelWithDebInfo|Win32
		{2AE01687-AB19-4683-B01B-F4558A2FDBCA}.RelWithDebInfo|Win32.Build.0 = RelWithDebInfo|Win32
		{2AE01687-AB19-4683-B01B-F4558A2FDBCA}.RelWithDebInfo|x64.ActiveCfg = RelWithDebInfo|Win32
		{2AE01687-AB19-4683-B01B-F4558A2FDBCA}.RelWithDebInfo|x86.ActiveCfg = RelWithDebInfo|Win32
		{077BE9F7-88BF-4C25-8061-81B337BCB277}.Debug|Mixed Platforms.ActiveCfg = Debug|Win32
		{077BE9F7-88BF-4C25-8061-81B337BCB277}.Debug|Mixed Platforms.Build.0 = Debug|Win32
		{077BE9F7-88BF-4C25-8061-81B337BCB277}.Debug|Win32.ActiveCfg = Debug|Win32
		{077BE9F7-88BF-4C25-8061-81B337BCB277}.Debug|Win32.Build.0 = Debug|Win32
		{077BE9F7-88BF-4C25-8061-81B337BCB277}.Debug|x64.ActiveCfg = Debug|Win32
		{077BE9F7-88BF-4C25-8061-81B337BCB277}.Debug|x86.ActiveCfg = Debug|Win32
		{077BE9F7-88BF-4C25-8061-81B337BCB277}.MinSizeRel|Mixed Platforms.ActiveCfg = MinSizeRel|Win32
		{077BE9F7-88BF-4C25-8061-81B337BCB277}.MinSizeRel|Mixed Platforms.Build.0 = MinSizeRel|Win32
		{077BE9F7-88BF-4C25-8061-81B337BCB277}.MinSizeRel|Win32.ActiveCfg = MinSizeRel|Win32
		{077BE9F7-88BF-4C25-8061-81B337BCB277}.MinSizeRel|Win32.Build.0 = MinSizeRel|Win32
		{077BE9F7-88BF-4C25-8061-81B337BCB277}.MinSizeRel|x64.ActiveCfg = MinSizeRel|Win32
		{077BE9F7-88BF-4C25-8061-81B337BCB277}.MinSizeRel|x86.ActiveCfg = MinSizeRel|Win32
		{077BE9F7-88BF-4C25-8061-81B337BCB277}.Release|Mixed Platforms.ActiveCfg = Release|Win32
		{077BE9F7-88BF-4C25-8061-81B337BCB277}.Release|Mixed Platforms.Build.0 = Release|Win32
		{077BE9F7-88BF-4C25-8061-81B337BCB277}.Release|Win32.ActiveCfg = Release|Win32
		{077BE9F7-88BF-4C25-8061-81B337BCB277}.Release|Win32.Build.0 = Release|Win32
		{077BE9F7-88BF-4C25-8061-81B337BCB277}.Release|x64.ActiveCfg = Release|Win32
		{077BE9F7-88BF-4C25-8061-81B337BCB277}.Release|x86.ActiveCfg = Release|Win32
		{077BE9F7-88BF-4C25-8061-81B337BCB277}.RelWithDebInfo|Mixed Platforms.ActiveCfg = RelWithDebInfo|Win32
		{077BE9F7-88BF-4C25-8061-81B337BCB277}.RelWithDebInfo|Mixed Platforms.Build.0 = RelWithDebInfo|Win32
		{077BE9F7-88BF-4C25-8061-81B337BCB277}.RelWithDebInfo|Win32.ActiveCfg = RelWithDebInfo|Win32
		{077BE9F7-88BF-4C25-8061-81B337BCB277}.RelWithDebInfo|Win32.Build.0 = RelWithDebInfo|Win32
		{077BE9F7-88BF-4C25-8061-81B337BCB277}.RelWithDebInfo|x64.ActiveCfg = RelWithDebInfo|Win32
		{077BE9F7-88BF-4C25-8061-81B337BCB277}.RelWithDebInfo|x86.ActiveCfg = RelWithDebInfo|Win32
		{D221619E-6BA8-4C7C-BF46-781F17CE7A7F}.Debug|Mixed Platforms.ActiveCfg = Debug|Win32
		{D221619E-6BA8-4C7C-BF46-781F17CE7A7F}.Debug|Mixed Platforms.Build.0 = Debug|Win32
		{D221619E-6BA8-4C7C-BF46-781F17CE7A7F}.Debug|Win32.ActiveCfg = Debug|Win32
		{D221619E-6BA8-4C7C-BF46-781F17CE7A7F}.Debug|Win32.Build.0 = Debug|Win32
		{D221619E-6BA8-4C7C-BF46-781F17CE7A7F}.Debug|x64.ActiveCfg = Debug|Win32
		{D221619E-6BA8-4C7C-BF46-781F17CE7A7F}.Debug|x86.ActiveCfg = Debug|Win32
		{D221619E-6BA8-4C7C-BF46-781F17CE7A7F}.MinSizeRel|Mixed Platforms.ActiveCfg = MinSizeRel|Win32
		{D221619E-6BA8-4C7C-BF46-781F17CE7A7F}.MinSizeRel|Mixed Platforms.Build.0 = MinSizeRel|Win32
		{D221619E-6BA8-4C7C-BF46-781F17CE7A7F}.MinSizeRel|Win32.ActiveCfg = MinSizeRel|Win32
		{D221619E-6BA8-4C7C-BF46-781F17CE7A7F}.MinSizeRel|Win32.Build.0 = MinSizeRel|Win32
		{D221619E-6BA8-4C7C-BF46-781F17CE7A7F}.MinSizeRel|x64.ActiveCfg = MinSizeRel|Win32
		{D221619E-6BA8-4C7C-BF46-781F17CE7A7F}.MinSizeRel|x86.ActiveCfg = MinSizeRel|Win32
		{D221619E-6BA8-4C7C-BF46-781F17CE7A7F}.Release|Mixed Platforms.ActiveCfg = Release|Win32
		{D221619E-6BA8-4C7C-BF46-781F17CE7A7F}.Release|Mixed Platforms.Build.0 = Release|Win32
		{D221619E-6BA8-4C7C-BF46-781F17CE7A7F}.Release|Win32.ActiveCfg = Release|Win32
		{D221619E-6BA8-4C7C-BF46-781F17CE7A7F}.Release|Win32.Build.0 = Release|Win32
		{D221619E-6BA8-4C7C-BF46-781F17CE7A7F}.Release|x64.ActiveCfg = Release|Win32
		{D221619E-6BA8-4C7C-BF46-781F17CE7A7F}.Release|x86.ActiveCfg = Release|Win32
		{D221619E-6BA8-4C7C-BF46-781F17CE7A7F}.RelWithDebInfo|Mixed Platforms.ActiveCfg = RelWithDebInfo|Win32
		{D221619E-6BA8-4C7C-BF46-781F17CE7A7F}.RelWithDebInfo|Mixed Platforms.Build.0 = RelWithDebInfo|Win32
		{D221619E-6BA8-4C7C-BF46-781F17CE7A7F}.RelWithDebInfo|Win32.ActiveCfg = RelWithDebInfo|Win32
		{D221619E-6BA8-4C7C-BF46-781F17CE7A7F}.RelWithDebInfo|Win32.Build.0 = RelWithDebInfo|Win32
		{D221619E-6BA8-4C7C-BF46-781F17CE7A7F}.RelWithDebInfo|x64.ActiveCfg = RelWithDebInfo|Win32
		{D221619E-6BA8-4C7C-BF46-781F17CE7A7F}.RelWithDebInfo|x86.ActiveCfg = RelWithDebInfo|Win32
		{B5338409-74A1-4F71-955C-2C27E0D5CA1C}.Debug|Mixed Platforms.ActiveCfg = Debug|Win32
		{B5338409-74A1-4F71-955C-2C27E0D5CA1C}.Debug|Mixed Platforms.Build.0 = Debug|Win32
		{B5338409-74A1-4F71-955C-2C27E0D5CA1C}.Debug|Win32.ActiveCfg = Debug|Win32
		{B5338409-74A1-4F71-955C-2C27E0D5CA1C}.Debug|Win32.Build.0 = Debug|Win32
		{B5338409-74A1-4F71-955C-2C27E0D5CA1C}.Debug|x64.ActiveCfg = Debug|Win32
		{B5338409-74A1-4F71-955C-2C27E0D5CA1C}.Debug|x86.ActiveCfg = Debug|Win32
		{B5338409-74A1-4F71-955C-2C27E0D5CA1C}.MinSizeRel|Mixed Platforms.ActiveCfg = MinSizeRel|Win32
		{B5338409-74A1-4F71-955C-2C27E0D5CA1C}.MinSizeRel|Mixed Platforms.Build.0 = MinSizeRel|Win32
		{B5338409-74A1-4F71-955C-2C27E0D5CA1C}.MinSizeRel|Win32.ActiveCfg = MinSizeRel|Win32
		{B5338409-74A1-4F71-955C-2C27E0D5CA1C}.MinSizeRel|Win32.Build.0 = MinSizeRel|Win32
		{B5338409-74A1-4F71-955C-2C27E0D5CA1C}.MinSizeRel|x64.ActiveCfg = MinSizeRel|Win32
		{B5338409-74A1-4F71-955C-2C27E0D5CA1C}.MinSizeRel|x86.ActiveCfg = MinSizeRel|Win32
		{B5338409-74A1-4F71-955C-2C27E0D5CA1C}.Release|Mixed Platforms.ActiveCfg = Release|Win32
		{B5338409-74A1-4F71-955C-2C27E0D5CA1C}.Release|Mixed Platforms.Build.0 = Release|Win32
		{B5338409-74A1-4F71-955C-2C27E0D5CA1C}.Release|Win32.ActiveCfg = Release|Win32
		{B5338409-74A1-4F71-955C-2C27E0D5CA1C}.Release|Win32.Build.0 = Release|Win32
		{B5338409-74A1-4F71-955C-2C27E0D5CA1C}.Release|x64.ActiveCfg = Release|Win32
		{B5338409-74A1-4F71-955C-2C27E0D5CA1C}.Release|x86.ActiveCfg = Release|Win32
		{B5338409-74A1-4F71-955C-2C27E0D5CA1C}.RelWithDebInfo|Mixed Platforms.ActiveCfg = RelWithDebInfo|Win32
		{B5338409-74A1-4F71-955C-2C27E0D5CA1C}.RelWithDebInfo|Mixed Platforms.Build.0 = RelWithDebInfo|Win32
		{B5338409-74A1-4F71-955C-2C27E0D5CA1C}.RelWithDebInfo|Win32.ActiveCfg = RelWithDebInfo|Win32
		{B5338409-74A1-4F71-955C-2C27E0D5CA1C}.RelWithDebInfo|Win32.Build.0 = RelWithDebInfo|Win32
		{B5338409-74A1-4F71-955C-2C27E0D5CA1C}.RelWithDebInfo|x64.ActiveCfg = RelWithDebInfo|Win32
		{B5338409-74A1-4F71-955C-2C27E0D5CA1C}.RelWithDebInfo|x86.ActiveCfg = RelWithDebInfo|Win32
		{A9DDB811-0018-4F17-BFFD-A86313B2E475}.Debug|Mixed Platforms.ActiveCfg = Debug|Win32
		{A9DDB811-0018-4F17-BFFD-A86313B2E475}.Debug|Mixed Platforms.Build.0 = Debug|Win32
		{A9DDB811-0018-4F17-BFFD-A86313B2E475}.Debug|Win32.ActiveCfg = Debug|Win32
		{A9DDB811-0018-4F17-BFFD-A86313B2E475}.Debug|Win32.Build.0 = Debug|Win32
		{A9DDB811-0018-4F17-BFFD-A86313B2E475}.Debug|x64.ActiveCfg = Debug|Win32
		{A9DDB811-0018-4F17-BFFD-A86313B2E475}.Debug|x86.ActiveCfg = Debug|Win32
		{A9DDB811-0018-4F17-BFFD-A86313B2E475}.MinSizeRel|Mixed Platforms.ActiveCfg = MinSizeRel|Win32
		{A9DDB811-0018-4F17-BFFD-A86313B2E475}.MinSizeRel|Mixed Platforms.Build.0 = MinSizeRel|Win32
		{A9DDB811-0018-4F17-BFFD-A86313B2E475}.MinSizeRel|Win32.ActiveCfg = MinSizeRel|Win32
		{A9DDB811-0018-4F17-BFFD-A86313B2E475}.MinSizeRel|Win32.Build.0 = MinSizeRel|Win32
		{A9DDB811-0018-4F17-BFFD-A86313B2E475}.MinSizeRel|x64.ActiveCfg = MinSizeRel|Win32
		{A9DDB811-0018-4F17-BFFD-A86313B2E475}.MinSizeRel|x86.ActiveCfg = MinSizeRel|Win32
		{A9DDB811-0018-4F17-BFFD-A86313B2E475}.Release|Mixed Platforms.ActiveCfg = Release|Win32
		{A9DDB811-0018-4F17-BFFD-A86313B2E475}.Release|Mixed Platforms.Build.0 = Release|Win32
		{A9DDB811-0018-4F17-BFFD-A86313B2E475}.Release|Win32.ActiveCfg = Release|Win32
		{A9DDB811-0018-4F17-BFFD-A86313B2E475}.Release|Win32.Build.0 = Release|Win32
		{A9DDB811-0018-4F17-BFFD-A86313B2E475}.Release|x64.ActiveCfg = Release|Win32
		{A9DDB811-0018-4F17-BFFD-A86313B2E475}.Release|x86.ActiveCfg = Release|Win32
		{A9DDB811-0018-4F17-BFFD-A86313B2E475}.RelWithDebInfo|Mixed Platforms.ActiveCfg = RelWithDebInfo|Win32
		{A9DDB811-0018-4F17-BFFD-A86313B2E475}.RelWithDebInfo|Mixed Platforms.Build.0 = RelWithDebInfo|Win32
		{A9DDB811-0018-4F17-BFFD-A86313B2E475}.RelWithDebInfo|Win32.ActiveCfg = RelWithDebInfo|Win32
		{A9DDB811-0018-4F17-BFFD-A86313B2E475}.RelWithDebInfo|Win32.Build.0 = RelWithDebInfo|Win32
		{A9DDB811-0018-4F17-BFFD-A86313B2E475}.RelWithDebInfo|x64.ActiveCfg = RelWithDebInfo|Win32
		{A9DDB811-0018-4F17-BFFD-A86313B2E475}.RelWithDebInfo|x86.ActiveCfg = RelWithDebInfo|Win32
	EndGlobalSection
	GlobalSection(SolutionProperties) = preSolution
		HideSolutionNode = FALSE
	EndGlobalSection
	GlobalSection(NestedProjects) = preSolution
		{59196A46-6B3D-40A9-879D-B35E00081388} = {E87EC4EE-E9C9-4957-8CC8-5BD749BFAC3E}
		{2AE01687-AB19-4683-B01B-F4558A2FDBCA} = {E87EC4EE-E9C9-4957-8CC8-5BD749BFAC3E}
		{077BE9F7-88BF-4C25-8061-81B337BCB277} = {E87EC4EE-E9C9-4957-8CC8-5BD749BFAC3E}
		{D221619E-6BA8-4C7C-BF46-781F17CE7A7F} = {E87EC4EE-E9C9-4957-8CC8-5BD749BFAC3E}
		{B5338409-74A1-4F71-955C-2C27E0D5CA1C} = {E87EC4EE-E9C9-4957-8CC8-5BD749BFAC3E}
		{A9DDB811-0018-4F17-BFFD-A86313B2E475} = {81FD53FC-39BA-4AC6-8035-84DA8B4EA042}
	EndGlobalSection
	GlobalSection(ExtensibilityGlobals) = postSolution
		VisualSVNWorkingCopyRoot = .
	EndGlobalSection
EndGlobal
