
Microsoft Visual Studio Solution File, Format Version 11.00
# Visual Studio 2010
Project("{8BC9CEB8-8B4A-11D0-8D11-00A0C91BC942}") = "EAView", "EAView\EAView.vcxproj", "{48E45180-69EE-41BE-8857-67D9909B4B47}"
EndProject
Global
	GlobalSection(SolutionConfigurationPlatforms) = preSolution
		Debug|Win32 = Debug|Win32
		Release|Win32 = Release|Win32
	EndGlobalSection
	GlobalSection(ProjectConfigurationPlatforms) = postSolution
		{48E45180-69EE-41BE-8857-67D9909B4B47}.Debug|Win32.ActiveCfg = Debug|Win32
		{48E45180-69EE-41BE-8857-67D9909B4B47}.Debug|Win32.Build.0 = Debug|Win32
		{48E45180-69EE-41BE-8857-67D9909B4B47}.Release|Win32.ActiveCfg = Release|Win32
		{48E45180-69EE-41BE-8857-67D9909B4B47}.Release|Win32.Build.0 = Release|Win32
	EndGlobalSection
	GlobalSection(SolutionProperties) = preSolution
		HideSolutionNode = FALSE
	EndGlobalSection
	GlobalSection(ExtensibilityGlobals) = postSolution
		VisualSVNWorkingCopyRoot = .
	EndGlobalSection
EndGlobal
