<?xml version="1.0" encoding="utf-8"?>
<Project ToolsVersion="4.0" xmlns="http://schemas.microsoft.com/developer/msbuild/2003">
  <ItemGroup>
    <Filter Include="Source Files">
      <UniqueIdentifier>{5D3268AE-CD76-4724-8575-CE1FAB5B0F1B}</UniqueIdentifier>
    </Filter>
    <Filter Include="Headers">
      <UniqueIdentifier>{3EA52376-D0DA-4C53-B55F-C0D821C80D81}</UniqueIdentifier>
    </Filter>
  </ItemGroup>
  <ItemGroup>
    <None Include="AlphaEffect">
      <Filter>Headers</Filter>
    </None>
    <None Include="AutoScale">
      <Filter>Headers</Filter>
    </None>
    <None Include="Bounds">
      <Filter>Headers</Filter>
    </None>
    <None Include="Cache">
      <Filter>Headers</Filter>
    </None>
    <None Include="CacheBin">
      <Filter>Headers</Filter>
    </None>
    <None Include="CacheEstimator">
      <Filter>Headers</Filter>
    </None>
    <None Include="CachePolicy">
      <Filter>Headers</Filter>
    </None>
    <None Include="CacheSeed">
      <Filter>Headers</Filter>
    </None>
    <None Include="Capabilities">
      <Filter>Headers</Filter>
    </None>
    <None Include="ClampableNode">
      <Filter>Headers</Filter>
    </None>
    <None Include="ClampingBinTechnique">
      <Filter>Headers</Filter>
    </None>
    <None Include="ClampingTechnique">
      <Filter>Headers</Filter>
    </None>
    <None Include="ColorFilter">
      <Filter>Headers</Filter>
    </None>
    <None Include="Common">
      <Filter>Headers</Filter>
    </None>
    <None Include="CompositeTileSource">
      <Filter>Headers</Filter>
    </None>
    <None Include="Config">
      <Filter>Headers</Filter>
    </None>
    <None Include="Containers">
      <Filter>Headers</Filter>
    </None>
    <None Include="Cube">
      <Filter>Headers</Filter>
    </None>
    <None Include="CullingUtils">
      <Filter>Headers</Filter>
    </None>
    <None Include="DateTime">
      <Filter>Headers</Filter>
    </None>
    <None Include="Decluttering">
      <Filter>Headers</Filter>
    </None>
    <None Include="DepthOffset">
      <Filter>Headers</Filter>
    </None>
    <None Include="DPLineSegmentIntersector">
      <Filter>Headers</Filter>
    </None>
    <None Include="Draggers">
      <Filter>Headers</Filter>
    </None>
    <None Include="DrapeableNode">
      <Filter>Headers</Filter>
    </None>
    <None Include="DrapingTechnique">
      <Filter>Headers</Filter>
    </None>
    <None Include="DrawInstanced">
      <Filter>Headers</Filter>
    </None>
    <None Include="ECEF">
      <Filter>Headers</Filter>
    </None>
    <None Include="ElevationLayer">
      <Filter>Headers</Filter>
    </None>
    <None Include="ElevationLOD">
      <Filter>Headers</Filter>
    </None>
    <None Include="ElevationQuery">
      <Filter>Headers</Filter>
    </None>
    <None Include="Export">
      <Filter>Headers</Filter>
    </None>
    <None Include="FadeEffect">
      <Filter>Headers</Filter>
    </None>
    <None Include="FileUtils">
      <Filter>Headers</Filter>
    </None>
    <None Include="GeoCommon">
      <Filter>Headers</Filter>
    </None>
    <None Include="GeoData">
      <Filter>Headers</Filter>
    </None>
    <None Include="Geoid">
      <Filter>Headers</Filter>
    </None>
    <None Include="GeoMath">
      <Filter>Headers</Filter>
    </None>
    <None Include="HeightFieldUtils">
      <Filter>Headers</Filter>
    </None>
    <None Include="HTTPClient">
      <Filter>Headers</Filter>
    </None>
    <None Include="ImageLayer">
      <Filter>Headers</Filter>
    </None>
    <None Include="ImageMosaic">
      <Filter>Headers</Filter>
    </None>
    <None Include="ImageToHeightFieldConverter">
      <Filter>Headers</Filter>
    </None>
    <None Include="ImageUtils">
      <Filter>Headers</Filter>
    </None>
    <None Include="IOTypes">
      <Filter>Headers</Filter>
    </None>
    <None Include="JsonUtils">
      <Filter>Headers</Filter>
    </None>
    <None Include="Layer">
      <Filter>Headers</Filter>
    </None>
    <None Include="LineFunctor">
      <Filter>Headers</Filter>
    </None>
    <None Include="LocalTangentPlane">
      <Filter>Headers</Filter>
    </None>
    <None Include="Locators">
      <Filter>Headers</Filter>
    </None>
    <None Include="Map">
      <Filter>Headers</Filter>
    </None>
    <None Include="MapCallback">
      <Filter>Headers</Filter>
    </None>
    <None Include="MapFrame">
      <Filter>Headers</Filter>
    </None>
    <None Include="MapInfo">
      <Filter>Headers</Filter>
    </None>
    <None Include="MapModelChange">
      <Filter>Headers</Filter>
    </None>
    <None Include="MapNode">
      <Filter>Headers</Filter>
    </None>
    <None Include="MapNodeOptions">
      <Filter>Headers</Filter>
    </None>
    <None Include="MapOptions">
      <Filter>Headers</Filter>
    </None>
    <None Include="MaskLayer">
      <Filter>Headers</Filter>
    </None>
    <None Include="MaskNode">
      <Filter>Headers</Filter>
    </None>
    <None Include="MaskSource">
      <Filter>Headers</Filter>
    </None>
    <None Include="Math">
      <Filter>Headers</Filter>
    </None>
    <None Include="MemCache">
      <Filter>Headers</Filter>
    </None>
    <None Include="Mercator">
      <Filter>Headers</Filter>
    </None>
    <None Include="ModelLayer">
      <Filter>Headers</Filter>
    </None>
    <None Include="ModelSource">
      <Filter>Headers</Filter>
    </None>
    <None Include="NodeUtils">
      <Filter>Headers</Filter>
    </None>
    <None Include="Notify">
      <Filter>Headers</Filter>
    </None>
    <None Include="optional">
      <Filter>Headers</Filter>
    </None>
    <None Include="OverlayDecorator">
      <Filter>Headers</Filter>
    </None>
    <None Include="OverlayNode">
      <Filter>Headers</Filter>
    </None>
    <None Include="Pickers">
      <Filter>Headers</Filter>
    </None>
    <None Include="PrimitiveIntersector">
      <Filter>Headers</Filter>
    </None>
    <None Include="Profile">
      <Filter>Headers</Filter>
    </None>
    <None Include="Progress">
      <Filter>Headers</Filter>
    </None>
    <None Include="Random">
      <Filter>Headers</Filter>
    </None>
    <None Include="Registry">
      <Filter>Headers</Filter>
    </None>
    <None Include="Revisioning">
      <Filter>Headers</Filter>
    </None>
    <None Include="ShaderFactory">
      <Filter>Headers</Filter>
    </None>
    <None Include="ShaderGenerator">
      <Filter>Headers</Filter>
    </None>
    <None Include="ShaderUtils">
      <Filter>Headers</Filter>
    </None>
    <None Include="SparseTexture2DArray">
      <Filter>Headers</Filter>
    </None>
    <None Include="SpatialReference">
      <Filter>Headers</Filter>
    </None>
    <None Include="StateSetCache">
      <Filter>Headers</Filter>
    </None>
    <None Include="StringUtils">
      <Filter>Headers</Filter>
    </None>
    <None Include="TaskService">
      <Filter>Headers</Filter>
    </None>
    <None Include="Terrain">
      <Filter>Headers</Filter>
    </None>
    <None Include="TerrainEffect">
      <Filter>Headers</Filter>
    </None>
    <None Include="TerrainEngineNode">
      <Filter>Headers</Filter>
    </None>
    <None Include="TerrainLayer">
      <Filter>Headers</Filter>
    </None>
    <None Include="TerrainOptions">
      <Filter>Headers</Filter>
    </None>
    <None Include="TextureCompositor">
      <Filter>Headers</Filter>
    </None>
    <None Include="TextureCompositorMulti">
      <Filter>Headers</Filter>
    </None>
    <None Include="TextureCompositorTexArray">
      <Filter>Headers</Filter>
    </None>
    <None Include="ThreadingUtils">
      <Filter>Headers</Filter>
    </None>
    <None Include="TileKey">
      <Filter>Headers</Filter>
    </None>
    <None Include="TileSource">
      <Filter>Headers</Filter>
    </None>
    <None Include="TimeControl">
      <Filter>Headers</Filter>
    </None>
    <None Include="TraversalData">
      <Filter>Headers</Filter>
    </None>
    <None Include="Units">
      <Filter>Headers</Filter>
    </None>
    <None Include="URI">
      <Filter>Headers</Filter>
    </None>
    <None Include="Utils">
      <Filter>Headers</Filter>
    </None>
    <None Include="Version">
      <Filter>Headers</Filter>
    </None>
    <None Include="VerticalDatum">
      <Filter>Headers</Filter>
    </None>
    <None Include="Viewpoint">
      <Filter>Headers</Filter>
    </None>
    <None Include="VirtualProgram">
      <Filter>Headers</Filter>
    </None>
    <None Include="XmlUtils">
      <Filter>Headers</Filter>
    </None>
  </ItemGroup>
  <ItemGroup>
    <ClCompile Include="AlphaEffect.cpp">
      <Filter>Source Files</Filter>
    </ClCompile>
    <ClCompile Include="AutoScale.cpp">
      <Filter>Source Files</Filter>
    </ClCompile>
    <ClCompile Include="Bounds.cpp">
      <Filter>Source Files</Filter>
    </ClCompile>
    <ClCompile Include="Cache.cpp">
      <Filter>Source Files</Filter>
    </ClCompile>
    <ClCompile Include="CacheEstimator.cpp">
      <Filter>Source Files</Filter>
    </ClCompile>
    <ClCompile Include="CachePolicy.cpp">
      <Filter>Source Files</Filter>
    </ClCompile>
    <ClCompile Include="CacheSeed.cpp">
      <Filter>Source Files</Filter>
    </ClCompile>
    <ClCompile Include="Capabilities.cpp">
      <Filter>Source Files</Filter>
    </ClCompile>
    <ClCompile Include="ClampableNode.cpp">
      <Filter>Source Files</Filter>
    </ClCompile>
    <ClCompile Include="ClampingTechnique.cpp">
      <Filter>Source Files</Filter>
    </ClCompile>
    <ClCompile Include="ColorFilter.cpp">
      <Filter>Source Files</Filter>
    </ClCompile>
    <ClCompile Include="CompositeTileSource.cpp">
      <Filter>Source Files</Filter>
    </ClCompile>
    <ClCompile Include="Config.cpp">
      <Filter>Source Files</Filter>
    </ClCompile>
    <ClCompile Include="Cube.cpp">
      <Filter>Source Files</Filter>
    </ClCompile>
    <ClCompile Include="CullingUtils.cpp">
      <Filter>Source Files</Filter>
    </ClCompile>
    <ClCompile Include="DateTime.cpp">
      <Filter>Source Files</Filter>
    </ClCompile>
    <ClCompile Include="Decluttering.cpp">
      <Filter>Source Files</Filter>
    </ClCompile>
    <ClCompile Include="DepthOffset.cpp">
      <Filter>Source Files</Filter>
    </ClCompile>
    <ClCompile Include="DPLineSegmentIntersector.cpp">
      <Filter>Source Files</Filter>
    </ClCompile>
    <ClCompile Include="Draggers.cpp">
      <Filter>Source Files</Filter>
    </ClCompile>
    <ClCompile Include="DrapeableNode.cpp">
      <Filter>Source Files</Filter>
    </ClCompile>
    <ClCompile Include="DrapingTechnique.cpp">
      <Filter>Source Files</Filter>
    </ClCompile>
    <ClCompile Include="DrawInstanced.cpp">
      <Filter>Source Files</Filter>
    </ClCompile>
    <ClCompile Include="ECEF.cpp">
      <Filter>Source Files</Filter>
    </ClCompile>
    <ClCompile Include="ElevationLayer.cpp">
      <Filter>Source Files</Filter>
    </ClCompile>
    <ClCompile Include="ElevationLOD.cpp">
      <Filter>Source Files</Filter>
    </ClCompile>
    <ClCompile Include="ElevationQuery.cpp">
      <Filter>Source Files</Filter>
    </ClCompile>
    <ClCompile Include="FadeEffect.cpp">
      <Filter>Source Files</Filter>
    </ClCompile>
    <ClCompile Include="FileUtils.cpp">
      <Filter>Source Files</Filter>
    </ClCompile>
    <ClCompile Include="GeoData.cpp">
      <Filter>Source Files</Filter>
    </ClCompile>
    <ClCompile Include="Geoid.cpp">
      <Filter>Source Files</Filter>
    </ClCompile>
    <ClCompile Include="GeoMath.cpp">
      <Filter>Source Files</Filter>
    </ClCompile>
    <ClCompile Include="HeightFieldUtils.cpp">
      <Filter>Source Files</Filter>
    </ClCompile>
    <ClCompile Include="HTTPClient.cpp">
      <Filter>Source Files</Filter>
    </ClCompile>
    <ClCompile Include="ImageLayer.cpp">
      <Filter>Source Files</Filter>
    </ClCompile>
    <ClCompile Include="ImageMosaic.cpp">
      <Filter>Source Files</Filter>
    </ClCompile>
    <ClCompile Include="ImageToHeightFieldConverter.cpp">
      <Filter>Source Files</Filter>
    </ClCompile>
    <ClCompile Include="ImageUtils.cpp">
      <Filter>Source Files</Filter>
    </ClCompile>
    <ClCompile Include="IOTypes.cpp">
      <Filter>Source Files</Filter>
    </ClCompile>
    <ClCompile Include="JsonUtils.cpp">
      <Filter>Source Files</Filter>
    </ClCompile>
    <ClCompile Include="Layer.cpp">
      <Filter>Source Files</Filter>
    </ClCompile>
    <ClCompile Include="LocalTangentPlane.cpp">
      <Filter>Source Files</Filter>
    </ClCompile>
    <ClCompile Include="Locators.cpp">
      <Filter>Source Files</Filter>
    </ClCompile>
    <ClCompile Include="Map.cpp">
      <Filter>Source Files</Filter>
    </ClCompile>
    <ClCompile Include="MapCallback.cpp">
      <Filter>Source Files</Filter>
    </ClCompile>
    <ClCompile Include="MapFrame.cpp">
      <Filter>Source Files</Filter>
    </ClCompile>
    <ClCompile Include="MapInfo.cpp">
      <Filter>Source Files</Filter>
    </ClCompile>
    <ClCompile Include="MapNode.cpp">
      <Filter>Source Files</Filter>
    </ClCompile>
    <ClCompile Include="MapNodeOptions.cpp">
      <Filter>Source Files</Filter>
    </ClCompile>
    <ClCompile Include="MapOptions.cpp">
      <Filter>Source Files</Filter>
    </ClCompile>
    <ClCompile Include="MaskLayer.cpp">
      <Filter>Source Files</Filter>
    </ClCompile>
    <ClCompile Include="MaskNode.cpp">
      <Filter>Source Files</Filter>
    </ClCompile>
    <ClCompile Include="MaskSource.cpp">
      <Filter>Source Files</Filter>
    </ClCompile>
    <ClCompile Include="Math.cpp">
      <Filter>Source Files</Filter>
    </ClCompile>
    <ClCompile Include="MemCache.cpp">
      <Filter>Source Files</Filter>
    </ClCompile>
    <ClCompile Include="Mercator.cpp">
      <Filter>Source Files</Filter>
    </ClCompile>
    <ClCompile Include="MimeTypes.cpp">
      <Filter>Source Files</Filter>
    </ClCompile>
    <ClCompile Include="ModelLayer.cpp">
      <Filter>Source Files</Filter>
    </ClCompile>
    <ClCompile Include="ModelSource.cpp">
      <Filter>Source Files</Filter>
    </ClCompile>
    <ClCompile Include="NodeUtils.cpp">
      <Filter>Source Files</Filter>
    </ClCompile>
    <ClCompile Include="Notify.cpp">
      <Filter>Source Files</Filter>
    </ClCompile>
    <ClCompile Include="OverlayDecorator.cpp">
      <Filter>Source Files</Filter>
    </ClCompile>
    <ClCompile Include="OverlayNode.cpp">
      <Filter>Source Files</Filter>
    </ClCompile>
    <ClCompile Include="Pickers.cpp">
      <Filter>Source Files</Filter>
    </ClCompile>
    <ClCompile Include="PrimitiveIntersector.cpp">
      <Filter>Source Files</Filter>
    </ClCompile>
    <ClCompile Include="Profile.cpp">
      <Filter>Source Files</Filter>
    </ClCompile>
    <ClCompile Include="Progress.cpp">
      <Filter>Source Files</Filter>
    </ClCompile>
    <ClCompile Include="Random.cpp">
      <Filter>Source Files</Filter>
    </ClCompile>
    <ClCompile Include="Registry.cpp">
      <Filter>Source Files</Filter>
    </ClCompile>
    <ClCompile Include="Revisioning.cpp">
      <Filter>Source Files</Filter>
    </ClCompile>
    <ClCompile Include="ShaderFactory.cpp">
      <Filter>Source Files</Filter>
    </ClCompile>
    <ClCompile Include="ShaderGenerator.cpp">
      <Filter>Source Files</Filter>
    </ClCompile>
    <ClCompile Include="ShaderUtils.cpp">
      <Filter>Source Files</Filter>
    </ClCompile>
    <ClCompile Include="SparseTexture2DArray.cpp">
      <Filter>Source Files</Filter>
    </ClCompile>
    <ClCompile Include="SpatialReference.cpp">
      <Filter>Source Files</Filter>
    </ClCompile>
    <ClCompile Include="StateSetCache.cpp">
      <Filter>Source Files</Filter>
    </ClCompile>
    <ClCompile Include="StringUtils.cpp">
      <Filter>Source Files</Filter>
    </ClCompile>
    <ClCompile Include="TaskService.cpp">
      <Filter>Source Files</Filter>
    </ClCompile>
    <ClCompile Include="Terrain.cpp">
      <Filter>Source Files</Filter>
    </ClCompile>
    <ClCompile Include="TerrainEngineNode.cpp">
      <Filter>Source Files</Filter>
    </ClCompile>
    <ClCompile Include="TerrainLayer.cpp">
      <Filter>Source Files</Filter>
    </ClCompile>
    <ClCompile Include="TerrainOptions.cpp">
      <Filter>Source Files</Filter>
    </ClCompile>
    <ClCompile Include="TextureCompositor.cpp">
      <Filter>Source Files</Filter>
    </ClCompile>
    <ClCompile Include="TextureCompositorMulti.cpp">
      <Filter>Source Files</Filter>
    </ClCompile>
    <ClCompile Include="TextureCompositorTexArray.cpp">
      <Filter>Source Files</Filter>
    </ClCompile>
    <ClCompile Include="ThreadingUtils.cpp">
      <Filter>Source Files</Filter>
    </ClCompile>
    <ClCompile Include="TileKey.cpp">
      <Filter>Source Files</Filter>
    </ClCompile>
    <ClCompile Include="TileSource.cpp">
      <Filter>Source Files</Filter>
    </ClCompile>
    <ClCompile Include="TimeControl.cpp">
      <Filter>Source Files</Filter>
    </ClCompile>
    <ClCompile Include="tinystr.cpp">
      <Filter>Source Files</Filter>
    </ClCompile>
    <ClCompile Include="tinyxml.cpp">
      <Filter>Source Files</Filter>
    </ClCompile>
    <ClCompile Include="tinyxmlerror.cpp">
      <Filter>Source Files</Filter>
    </ClCompile>
    <ClCompile Include="tinyxmlparser.cpp">
      <Filter>Source Files</Filter>
    </ClCompile>
    <ClCompile Include="TraversalData.cpp">
      <Filter>Source Files</Filter>
    </ClCompile>
    <ClCompile Include="Units.cpp">
      <Filter>Source Files</Filter>
    </ClCompile>
    <ClCompile Include="URI.cpp">
      <Filter>Source Files</Filter>
    </ClCompile>
    <ClCompile Include="Utils.cpp">
      <Filter>Source Files</Filter>
    </ClCompile>
    <ClCompile Include="Version.cpp">
      <Filter>Source Files</Filter>
    </ClCompile>
    <ClCompile Include="VersionGit.cpp">
      <Filter>Source Files</Filter>
    </ClCompile>
    <ClCompile Include="VerticalDatum.cpp">
      <Filter>Source Files</Filter>
    </ClCompile>
    <ClCompile Include="Viewpoint.cpp">
      <Filter>Source Files</Filter>
    </ClCompile>
    <ClCompile Include="VirtualProgram.cpp">
      <Filter>Source Files</Filter>
    </ClCompile>
    <ClCompile Include="XmlUtils.cpp">
      <Filter>Source Files</Filter>
    </ClCompile>
  </ItemGroup>
  <ItemGroup>
    <ClInclude Include="tinystr.h">
      <Filter>Headers</Filter>
    </ClInclude>
    <ClInclude Include="tinyxml.h">
      <Filter>Headers</Filter>
    </ClInclude>
  </ItemGroup>
</Project>